<Solution>
  <Project Path="src/Paradise.BT/Paradise.BT.csproj" />
  <Project Path="src/Paradise.BT.Generators/Paradise.BT.Generators.csproj" />
  <Project Path="src/Paradise.BT.Sample/Paradise.BT.Sample.csproj" />
  <Project Path="src/Paradise.BT.Test/Paradise.BT.Test.csproj" />
  <Project Path="src/Paradise.BT.Generators.Test/Paradise.BT.Generators.Test.csproj" />
  <Project Path="src/Paradise.BLOB/Paradise.BLOB.csproj" />
  <Project Path="src/Paradise.BLOB.Test/Paradise.BLOB.Test.csproj" />
</Solution>
